PODS:
  - AFNetworking (3.2.1):
    - AFNetworking/NSURLSession (= 3.2.1)
    - AFNetworking/Reachability (= 3.2.1)
    - AFNetworking/Security (= 3.2.1)
    - AFNetworking/Serialization (= 3.2.1)
    - AFNetworking/UIKit (= 3.2.1)
  - AFNetworking/NSURLSession (3.2.1):
    - AFNetworking/Reachability
    - AFNetworking/Security
    - AFNetworking/Serialization
  - AFNetworking/Reachability (3.2.1)
  - AFNetworking/Security (3.2.1)
  - AFNetworking/Serialization (3.2.1)
  - AFNetworking/UIKit (3.2.1):
    - AFNetworking/NSURLSession
  - BAPickView (1.1.4)
  - CDDPagerController (1.1.5)
  - FDFullscreenPopGesture (1.1)
  - HappyDNS (0.3.14)
  - IQKeyboardManager (6.1.1)
  - JGProgressHUD (2.0.3)
  - Masonry (1.1.0)
  - MBProgressHUD (1.1.0)
  - MJExtension (3.0.15.1)
  - MJRefresh (3.1.15.3)
  - PYSearch (0.9.0)
  - Qiniu (7.2.4):
    - HappyDNS (~> 0.3)
  - RTRootNavigationController (0.6.7):
    - RTRootNavigationController/Core (= 0.6.7)
  - RTRootNavigationController/Core (0.6.7)
  - SDAutoLayout (2.2.1)
  - SDCycleScrollView (1.75):
    - SDWebImage (>= 4.0.0)
  - SDWebImage (4.4.1):
    - SDWebImage/Core (= 4.4.1)
  - SDWebImage/Core (4.4.1)
  - SVProgressHUD (2.2.5)
  - TTTAttributedLabel (2.0.0)
  - "UIColor+SKYExtension (0.0.1)"
  - "UITableView+FDTemplateLayoutCell (1.6)"
  - XHImageViewer (0.1.2)
  - YYImage (1.0.4):
    - YYImage/Core (= 1.0.4)
  - YYImage/Core (1.0.4)

DEPENDENCIES:
  - AFNetworking
  - BAPickView
  - CDDPagerController
  - FDFullscreenPopGesture
  - IQKeyboardManager
  - JGProgressHUD
  - Masonry
  - MBProgressHUD (~> 1.1.0)
  - MJExtension
  - MJRefresh
  - PYSearch
  - Qiniu
  - RTRootNavigationController
  - SDAutoLayout
  - SDCycleScrollView (~> 1.75)
  - SDWebImage (~> 4.0)
  - SVProgressHUD
  - TTTAttributedLabel
  - "UIColor+SKYExtension"
  - "UITableView+FDTemplateLayoutCell"
  - XHImageViewer
  - YYImage

SPEC REPOS:
  https://github.com/cocoapods/specs.git:
    - AFNetworking
    - BAPickView
    - CDDPagerController
    - FDFullscreenPopGesture
    - HappyDNS
    - IQKeyboardManager
    - JGProgressHUD
    - Masonry
    - MBProgressHUD
    - MJExtension
    - MJRefresh
    - PYSearch
    - Qiniu
    - RTRootNavigationController
    - SDAutoLayout
    - SDCycleScrollView
    - SDWebImage
    - SVProgressHUD
    - TTTAttributedLabel
    - "UIColor+SKYExtension"
    - "UITableView+FDTemplateLayoutCell"
    - XHImageViewer
    - YYImage

SPEC CHECKSUMS:
  AFNetworking: b6f891fdfaed196b46c7a83cf209e09697b94057
  BAPickView: dbabd31468df83df1b1e5f218e28a8a41908e000
  CDDPagerController: ed05951429a860c56cfdffbeba1a8af5132a28ae
  FDFullscreenPopGesture: a8a620179e3d9c40e8e00256dcee1c1a27c6d0f0
  HappyDNS: dc6a164ee81979093123c241c6353bcf0218add6
  IQKeyboardManager: 79c57795f5c2408d259d37b9da2ed07efcbb5225
  JGProgressHUD: 12b20a8f4ffe05258f8635c1ab92816e451f904d
  Masonry: 678fab65091a9290e40e2832a55e7ab731aad201
  MBProgressHUD: e7baa36a220447d8aeb12769bf0585582f3866d9
  MJExtension: 19bc33ce2eee2d319760f5622562cf581a6ff756
  MJRefresh: b48380ae2b927b46c4ef000de9adb8dc748e1df7
  PYSearch: 55175e6046e2e1b5236a90c780351988e914a015
  Qiniu: 65384bca1cdb0480a68d9b9b8f54db53418c0355
  RTRootNavigationController: d6aa6cbb78a3eaecea4f6e4df63f15dd887836b8
  SDAutoLayout: 8bf6b3bbc8b01f775d4defbb4fda2ace805461be
  SDCycleScrollView: 884b88f0266dd4708a0e1934975c69cb971707b1
  SDWebImage: 47e9b5b925cbce75946c23f0c42dd19464189af4
  SVProgressHUD: 1428aafac632c1f86f62aa4243ec12008d7a51d6
  TTTAttributedLabel: 8cffe8e127e4e82ff3af1e5386d4cd0ad000b656
  "UIColor+SKYExtension": 9e1d1a8f67df4673fd2d71d9dd6aad9687b4b437
  "UITableView+FDTemplateLayoutCell": 5c949b4a5059c404b442926c0e80f81d10a2d66f
  XHImageViewer: 7b275d2aa829e56761c30303b9d51cae086a90b9
  YYImage: 1e1b62a9997399593e4b9c4ecfbbabbf1d3f3b54

PODFILE CHECKSUM: 559fecc15b2fc6284c3d987e31d2796ff77a6d95

COCOAPODS: 1.5.3
